
Microsoft Visual Studio Solution File, Format Version 12.00
# Visual Studio 2012
Project("{FAE04EC0-301F-11D3-BF4B-00C04F79EFBC}") = "TestPalindromJuly2018", "TestPalindromJuly2018\TestPalindromJuly2018.csproj", "{A248FD20-5DF2-45FA-B313-D6C09CFE8587}"
EndProject
Global
	GlobalSection(SolutionConfigurationPlatforms) = preSolution
		Debug|x86 = Debug|x86
		Release|x86 = Release|x86
	EndGlobalSection
	GlobalSection(ProjectConfigurationPlatforms) = postSolution
		{A248FD20-5DF2-45FA-B313-D6C09CFE8587}.Debug|x86.ActiveCfg = Debug|x86
		{A248FD20-5DF2-45FA-B313-D6C09CFE8587}.Debug|x86.Build.0 = Debug|x86
		{A248FD20-5DF2-45FA-B313-D6C09CFE8587}.Release|x86.ActiveCfg = Release|x86
		{A248FD20-5DF2-45FA-B313-D6C09CFE8587}.Release|x86.Build.0 = Release|x86
	EndGlobalSection
EndGlobal
