
Microsoft Visual Studio Solution File, Format Version 12.00
# Visual Studio 2012
Project("{FAE04EC0-301F-11D3-BF4B-00C04F79EFBC}") = "TestSwitchJuly2018", "TestSwitchJuly2018\TestSwitchJuly2018.csproj", "{CF4F66C3-559B-48EF-B258-D2DBF6F97499}"
EndProject
Global
	GlobalSection(SolutionConfigurationPlatforms) = preSolution
		Debug|x86 = Debug|x86
		Release|x86 = Release|x86
	EndGlobalSection
	GlobalSection(ProjectConfigurationPlatforms) = postSolution
		{CF4F66C3-559B-48EF-B258-D2DBF6F97499}.Debug|x86.ActiveCfg = Debug|x86
		{CF4F66C3-559B-48EF-B258-D2DBF6F97499}.Debug|x86.Build.0 = Debug|x86
		{CF4F66C3-559B-48EF-B258-D2DBF6F97499}.Release|x86.ActiveCfg = Release|x86
		{CF4F66C3-559B-48EF-B258-D2DBF6F97499}.Release|x86.Build.0 = Release|x86
	EndGlobalSection
EndGlobal
