
Microsoft Visual Studio Solution File, Format Version 12.00
# Visual Studio 2012
Project("{FAE04EC0-301F-11D3-BF4B-00C04F79EFBC}") = "TestMethodsJuly2018", "TestMethodsJuly2018\TestMethodsJuly2018.csproj", "{36AFAA71-DE4D-49D1-94CD-C662E87752F0}"
EndProject
Global
	GlobalSection(SolutionConfigurationPlatforms) = preSolution
		Debug|x86 = Debug|x86
		Release|x86 = Release|x86
	EndGlobalSection
	GlobalSection(ProjectConfigurationPlatforms) = postSolution
		{36AFAA71-DE4D-49D1-94CD-C662E87752F0}.Debug|x86.ActiveCfg = Debug|x86
		{36AFAA71-DE4D-49D1-94CD-C662E87752F0}.Debug|x86.Build.0 = Debug|x86
		{36AFAA71-DE4D-49D1-94CD-C662E87752F0}.Release|x86.ActiveCfg = Release|x86
		{36AFAA71-DE4D-49D1-94CD-C662E87752F0}.Release|x86.Build.0 = Release|x86
	EndGlobalSection
EndGlobal
